
Microsoft Visual Studio Solution File, Format Version 12.00
# Visual Studio Version 17
VisualStudioVersion = 17.9.34728.123
MinimumVisualStudioVersion = 10.0.40219.1
Project("{FAE04EC0-301F-11D3-BF4B-00C04F79EFBC}") = "CatchAndLog", "CatchAndLog.csproj", "{39517039-33E1-4856-974C-8ECD8F0E6ED1}"
EndProject
Global
	GlobalSection(SolutionConfigurationPlatforms) = preSolution
		Debug|Any CPU = Debug|Any CPU
		Release|Any CPU = Release|Any CPU
	EndGlobalSection
	GlobalSection(ProjectConfigurationPlatforms) = postSolution
		{39517039-33E1-4856-974C-8ECD8F0E6ED1}.Debug|Any CPU.ActiveCfg = Debug|Any CPU
		{39517039-33E1-4856-974C-8ECD8F0E6ED1}.Debug|Any CPU.Build.0 = Debug|Any CPU
		{39517039-33E1-4856-974C-8ECD8F0E6ED1}.Release|Any CPU.ActiveCfg = Release|Any CPU
		{39517039-33E1-4856-974C-8ECD8F0E6ED1}.Release|Any CPU.Build.0 = Release|Any CPU
	EndGlobalSection
	GlobalSection(SolutionProperties) = preSolution
		HideSolutionNode = FALSE
	EndGlobalSection
	GlobalSection(ExtensibilityGlobals) = postSolution
		SolutionGuid = {5650EF9C-CDC7-4876-9600-525C5B6F0504}
	EndGlobalSection
EndGlobal
